
Microsoft Visual Studio Solution File, Format Version 12.00
# Visual Studio 15
VisualStudioVersion = 15.0.28307.539
MinimumVisualStudioVersion = 10.0.40219.1
Project("{FAE04EC0-301F-11D3-BF4B-00C04F79EFBC}") = "Nivantis.Android", "Nivantis\Nivantis.Android\Nivantis.Android.csproj", "{EE9056A2-212C-4D58-9EBD-3D0416FCFEAD}"
EndProject
Project("{FAE04EC0-301F-11D3-BF4B-00C04F79EFBC}") = "Nivantis.iOS", "Nivantis\Nivantis.iOS\Nivantis.iOS.csproj", "{D4F78FC1-8547-4199-ACF4-211B1B3038EB}"
EndProject
Project("{9A19103F-16F7-4668-BE54-9A1E7A4F7556}") = "Nivantis", "Nivantis\Nivantis\Nivantis.csproj", "{57513A98-22E2-4B27-AE71-A0C9365226A5}"
EndProject
Project("{FAE04EC0-301F-11D3-BF4B-00C04F79EFBC}") = "Nivantis.UWP", "Nivantis\Nivantis.UWP\Nivantis.UWP.csproj", "{A3C717A0-5CB7-45A2-836C-E912252E35FE}"
EndProject
Global
	GlobalSection(SolutionConfigurationPlatforms) = preSolution
		Debug|Any CPU = Debug|Any CPU
		Debug|ARM = Debug|ARM
		Debug|ARM64 = Debug|ARM64
		Debug|iPhone = Debug|iPhone
		Debug|iPhoneSimulator = Debug|iPhoneSimulator
		Debug|x64 = Debug|x64
		Debug|x86 = Debug|x86
		Release|Any CPU = Release|Any CPU
		Release|ARM = Release|ARM
		Release|ARM64 = Release|ARM64
		Release|iPhone = Release|iPhone
		Release|iPhoneSimulator = Release|iPhoneSimulator
		Release|x64 = Release|x64
		Release|x86 = Release|x86
	EndGlobalSection
	GlobalSection(ProjectConfigurationPlatforms) = postSolution
		{EE9056A2-212C-4D58-9EBD-3D0416FCFEAD}.Debug|Any CPU.ActiveCfg = Debug|Any CPU
		{EE9056A2-212C-4D58-9EBD-3D0416FCFEAD}.Debug|Any CPU.Build.0 = Debug|Any CPU
		{EE9056A2-212C-4D58-9EBD-3D0416FCFEAD}.Debug|Any CPU.Deploy.0 = Debug|Any CPU
		{EE9056A2-212C-4D58-9EBD-3D0416FCFEAD}.Debug|ARM.ActiveCfg = Debug|Any CPU
		{EE9056A2-212C-4D58-9EBD-3D0416FCFEAD}.Debug|ARM.Build.0 = Debug|Any CPU
		{EE9056A2-212C-4D58-9EBD-3D0416FCFEAD}.Debug|ARM.Deploy.0 = Debug|Any CPU
		{EE9056A2-212C-4D58-9EBD-3D0416FCFEAD}.Debug|ARM64.ActiveCfg = Debug|Any CPU
		{EE9056A2-212C-4D58-9EBD-3D0416FCFEAD}.Debug|ARM64.Build.0 = Debug|Any CPU
		{EE9056A2-212C-4D58-9EBD-3D0416FCFEAD}.Debug|ARM64.Deploy.0 = Debug|Any CPU
		{EE9056A2-212C-4D58-9EBD-3D0416FCFEAD}.Debug|iPhone.ActiveCfg = Debug|Any CPU
		{EE9056A2-212C-4D58-9EBD-3D0416FCFEAD}.Debug|iPhone.Build.0 = Debug|Any CPU
		{EE9056A2-212C-4D58-9EBD-3D0416FCFEAD}.Debug|iPhone.Deploy.0 = Debug|Any CPU
		{EE9056A2-212C-4D58-9EBD-3D0416FCFEAD}.Debug|iPhoneSimulator.ActiveCfg = Debug|Any CPU
		{EE9056A2-212C-4D58-9EBD-3D0416FCFEAD}.Debug|iPhoneSimulator.Build.0 = Debug|Any CPU
		{EE9056A2-212C-4D58-9EBD-3D0416FCFEAD}.Debug|iPhoneSimulator.Deploy.0 = Debug|Any CPU
		{EE9056A2-212C-4D58-9EBD-3D0416FCFEAD}.Debug|x64.ActiveCfg = Debug|Any CPU
		{EE9056A2-212C-4D58-9EBD-3D0416FCFEAD}.Debug|x64.Build.0 = Debug|Any CPU
		{EE9056A2-212C-4D58-9EBD-3D0416FCFEAD}.Debug|x64.Deploy.0 = Debug|Any CPU
		{EE9056A2-212C-4D58-9EBD-3D0416FCFEAD}.Debug|x86.ActiveCfg = Debug|Any CPU
		{EE9056A2-212C-4D58-9EBD-3D0416FCFEAD}.Debug|x86.Build.0 = Debug|Any CPU
		{EE9056A2-212C-4D58-9EBD-3D0416FCFEAD}.Debug|x86.Deploy.0 = Debug|Any CPU
		{EE9056A2-212C-4D58-9EBD-3D0416FCFEAD}.Release|Any CPU.ActiveCfg = Release|Any CPU
		{EE9056A2-212C-4D58-9EBD-3D0416FCFEAD}.Release|Any CPU.Build.0 = Release|Any CPU
		{EE9056A2-212C-4D58-9EBD-3D0416FCFEAD}.Release|Any CPU.Deploy.0 = Release|Any CPU
		{EE9056A2-212C-4D58-9EBD-3D0416FCFEAD}.Release|ARM.ActiveCfg = Release|Any CPU
		{EE9056A2-212C-4D58-9EBD-3D0416FCFEAD}.Release|ARM.Build.0 = Release|Any CPU
		{EE9056A2-212C-4D58-9EBD-3D0416FCFEAD}.Release|ARM.Deploy.0 = Release|Any CPU
		{EE9056A2-212C-4D58-9EBD-3D0416FCFEAD}.Release|ARM64.ActiveCfg = Release|Any CPU
		{EE9056A2-212C-4D58-9EBD-3D0416FCFEAD}.Release|ARM64.Build.0 = Release|Any CPU
		{EE9056A2-212C-4D58-9EBD-3D0416FCFEAD}.Release|ARM64.Deploy.0 = Release|Any CPU
		{EE9056A2-212C-4D58-9EBD-3D0416FCFEAD}.Release|iPhone.ActiveCfg = Release|Any CPU
		{EE9056A2-212C-4D58-9EBD-3D0416FCFEAD}.Release|iPhone.Build.0 = Release|Any CPU
		{EE9056A2-212C-4D58-9EBD-3D0416FCFEAD}.Release|iPhone.Deploy.0 = Release|Any CPU
		{EE9056A2-212C-4D58-9EBD-3D0416FCFEAD}.Release|iPhoneSimulator.ActiveCfg = Release|Any CPU
		{EE9056A2-212C-4D58-9EBD-3D0416FCFEAD}.Release|iPhoneSimulator.Build.0 = Release|Any CPU
		{EE9056A2-212C-4D58-9EBD-3D0416FCFEAD}.Release|iPhoneSimulator.Deploy.0 = Release|Any CPU
		{EE9056A2-212C-4D58-9EBD-3D0416FCFEAD}.Release|x64.ActiveCfg = Release|Any CPU
		{EE9056A2-212C-4D58-9EBD-3D0416FCFEAD}.Release|x64.Build.0 = Release|Any CPU
		{EE9056A2-212C-4D58-9EBD-3D0416FCFEAD}.Release|x64.Deploy.0 = Release|Any CPU
		{EE9056A2-212C-4D58-9EBD-3D0416FCFEAD}.Release|x86.ActiveCfg = Release|Any CPU
		{EE9056A2-212C-4D58-9EBD-3D0416FCFEAD}.Release|x86.Build.0 = Release|Any CPU
		{EE9056A2-212C-4D58-9EBD-3D0416FCFEAD}.Release|x86.Deploy.0 = Release|Any CPU
		{D4F78FC1-8547-4199-ACF4-211B1B3038EB}.Debug|Any CPU.ActiveCfg = Debug|iPhoneSimulator
		{D4F78FC1-8547-4199-ACF4-211B1B3038EB}.Debug|Any CPU.Build.0 = Debug|iPhoneSimulator
		{D4F78FC1-8547-4199-ACF4-211B1B3038EB}.Debug|Any CPU.Deploy.0 = Debug|iPhoneSimulator
		{D4F78FC1-8547-4199-ACF4-211B1B3038EB}.Debug|ARM.ActiveCfg = Debug|iPhone
		{D4F78FC1-8547-4199-ACF4-211B1B3038EB}.Debug|ARM64.ActiveCfg = Debug|iPhone
		{D4F78FC1-8547-4199-ACF4-211B1B3038EB}.Debug|iPhone.ActiveCfg = Debug|iPhone
		{D4F78FC1-8547-4199-ACF4-211B1B3038EB}.Debug|iPhone.Build.0 = Debug|iPhone
		{D4F78FC1-8547-4199-ACF4-211B1B3038EB}.Debug|iPhone.Deploy.0 = Debug|iPhone
		{D4F78FC1-8547-4199-ACF4-211B1B3038EB}.Debug|iPhoneSimulator.ActiveCfg = Debug|iPhoneSimulator
		{D4F78FC1-8547-4199-ACF4-211B1B3038EB}.Debug|iPhoneSimulator.Build.0 = Debug|iPhoneSimulator
		{D4F78FC1-8547-4199-ACF4-211B1B3038EB}.Debug|iPhoneSimulator.Deploy.0 = Debug|iPhoneSimulator
		{D4F78FC1-8547-4199-ACF4-211B1B3038EB}.Debug|x64.ActiveCfg = Debug|iPhone
		{D4F78FC1-8547-4199-ACF4-211B1B3038EB}.Debug|x86.ActiveCfg = Debug|iPhone
		{D4F78FC1-8547-4199-ACF4-211B1B3038EB}.Release|Any CPU.ActiveCfg = Release|iPhone
		{D4F78FC1-8547-4199-ACF4-211B1B3038EB}.Release|Any CPU.Build.0 = Release|iPhone
		{D4F78FC1-8547-4199-ACF4-211B1B3038EB}.Release|Any CPU.Deploy.0 = Release|iPhone
		{D4F78FC1-8547-4199-ACF4-211B1B3038EB}.Release|ARM.ActiveCfg = Release|iPhoneSimulator
		{D4F78FC1-8547-4199-ACF4-211B1B3038EB}.Release|ARM64.ActiveCfg = Release|iPhoneSimulator
		{D4F78FC1-8547-4199-ACF4-211B1B3038EB}.Release|iPhone.ActiveCfg = Release|iPhone
		{D4F78FC1-8547-4199-ACF4-211B1B3038EB}.Release|iPhone.Build.0 = Release|iPhone
		{D4F78FC1-8547-4199-ACF4-211B1B3038EB}.Release|iPhone.Deploy.0 = Release|iPhone
		{D4F78FC1-8547-4199-ACF4-211B1B3038EB}.Release|iPhoneSimulator.ActiveCfg = Release|iPhoneSimulator
		{D4F78FC1-8547-4199-ACF4-211B1B3038EB}.Release|iPhoneSimulator.Build.0 = Release|iPhoneSimulator
		{D4F78FC1-8547-4199-ACF4-211B1B3038EB}.Release|iPhoneSimulator.Deploy.0 = Release|iPhoneSimulator
		{D4F78FC1-8547-4199-ACF4-211B1B3038EB}.Release|x64.ActiveCfg = Release|iPhoneSimulator
		{D4F78FC1-8547-4199-ACF4-211B1B3038EB}.Release|x86.ActiveCfg = Release|iPhoneSimulator
		{57513A98-22E2-4B27-AE71-A0C9365226A5}.Debug|Any CPU.ActiveCfg = Debug|Any CPU
		{57513A98-22E2-4B27-AE71-A0C9365226A5}.Debug|Any CPU.Build.0 = Debug|Any CPU
		{57513A98-22E2-4B27-AE71-A0C9365226A5}.Debug|Any CPU.Deploy.0 = Debug|Any CPU
		{57513A98-22E2-4B27-AE71-A0C9365226A5}.Debug|ARM.ActiveCfg = Debug|Any CPU
		{57513A98-22E2-4B27-AE71-A0C9365226A5}.Debug|ARM.Build.0 = Debug|Any CPU
		{57513A98-22E2-4B27-AE71-A0C9365226A5}.Debug|ARM64.ActiveCfg = Debug|Any CPU
		{57513A98-22E2-4B27-AE71-A0C9365226A5}.Debug|ARM64.Build.0 = Debug|Any CPU
		{57513A98-22E2-4B27-AE71-A0C9365226A5}.Debug|iPhone.ActiveCfg = Debug|Any CPU
		{57513A98-22E2-4B27-AE71-A0C9365226A5}.Debug|iPhone.Build.0 = Debug|Any CPU
		{57513A98-22E2-4B27-AE71-A0C9365226A5}.Debug|iPhone.Deploy.0 = Debug|Any CPU
		{57513A98-22E2-4B27-AE71-A0C9365226A5}.Debug|iPhoneSimulator.ActiveCfg = Debug|Any CPU
		{57513A98-22E2-4B27-AE71-A0C9365226A5}.Debug|iPhoneSimulator.Build.0 = Debug|Any CPU
		{57513A98-22E2-4B27-AE71-A0C9365226A5}.Debug|iPhoneSimulator.Deploy.0 = Debug|Any CPU
		{57513A98-22E2-4B27-AE71-A0C9365226A5}.Debug|x64.ActiveCfg = Debug|Any CPU
		{57513A98-22E2-4B27-AE71-A0C9365226A5}.Debug|x64.Build.0 = Debug|Any CPU
		{57513A98-22E2-4B27-AE71-A0C9365226A5}.Debug|x86.ActiveCfg = Debug|Any CPU
		{57513A98-22E2-4B27-AE71-A0C9365226A5}.Debug|x86.Build.0 = Debug|Any CPU
		{57513A98-22E2-4B27-AE71-A0C9365226A5}.Release|Any CPU.ActiveCfg = Release|Any CPU
		{57513A98-22E2-4B27-AE71-A0C9365226A5}.Release|Any CPU.Build.0 = Release|Any CPU
		{57513A98-22E2-4B27-AE71-A0C9365226A5}.Release|Any CPU.Deploy.0 = Release|Any CPU
		{57513A98-22E2-4B27-AE71-A0C9365226A5}.Release|ARM.ActiveCfg = Release|Any CPU
		{57513A98-22E2-4B27-AE71-A0C9365226A5}.Release|ARM.Build.0 = Release|Any CPU
		{57513A98-22E2-4B27-AE71-A0C9365226A5}.Release|ARM64.ActiveCfg = Release|Any CPU
		{57513A98-22E2-4B27-AE71-A0C9365226A5}.Release|ARM64.Build.0 = Release|Any CPU
		{57513A98-22E2-4B27-AE71-A0C9365226A5}.Release|iPhone.ActiveCfg = Release|Any CPU
		{57513A98-22E2-4B27-AE71-A0C9365226A5}.Release|iPhone.Build.0 = Release|Any CPU
		{57513A98-22E2-4B27-AE71-A0C9365226A5}.Release|iPhone.Deploy.0 = Release|Any CPU
		{57513A98-22E2-4B27-AE71-A0C9365226A5}.Release|iPhoneSimulator.ActiveCfg = Release|Any CPU
		{57513A98-22E2-4B27-AE71-A0C9365226A5}.Release|iPhoneSimulator.Build.0 = Release|Any CPU
		{57513A98-22E2-4B27-AE71-A0C9365226A5}.Release|iPhoneSimulator.Deploy.0 = Release|Any CPU
		{57513A98-22E2-4B27-AE71-A0C9365226A5}.Release|x64.ActiveCfg = Release|Any CPU
		{57513A98-22E2-4B27-AE71-A0C9365226A5}.Release|x64.Build.0 = Release|Any CPU
		{57513A98-22E2-4B27-AE71-A0C9365226A5}.Release|x86.ActiveCfg = Release|Any CPU
		{57513A98-22E2-4B27-AE71-A0C9365226A5}.Release|x86.Build.0 = Release|Any CPU
		{A3C717A0-5CB7-45A2-836C-E912252E35FE}.Debug|Any CPU.ActiveCfg = Debug|x86
		{A3C717A0-5CB7-45A2-836C-E912252E35FE}.Debug|ARM.ActiveCfg = Debug|ARM
		{A3C717A0-5CB7-45A2-836C-E912252E35FE}.Debug|ARM.Build.0 = Debug|ARM
		{A3C717A0-5CB7-45A2-836C-E912252E35FE}.Debug|ARM.Deploy.0 = Debug|ARM
		{A3C717A0-5CB7-45A2-836C-E912252E35FE}.Debug|ARM64.ActiveCfg = Debug|ARM64
		{A3C717A0-5CB7-45A2-836C-E912252E35FE}.Debug|ARM64.Build.0 = Debug|ARM64
		{A3C717A0-5CB7-45A2-836C-E912252E35FE}.Debug|ARM64.Deploy.0 = Debug|ARM64
		{A3C717A0-5CB7-45A2-836C-E912252E35FE}.Debug|iPhone.ActiveCfg = Debug|x86
		{A3C717A0-5CB7-45A2-836C-E912252E35FE}.Debug|iPhoneSimulator.ActiveCfg = Debug|x86
		{A3C717A0-5CB7-45A2-836C-E912252E35FE}.Debug|x64.ActiveCfg = Debug|x64
		{A3C717A0-5CB7-45A2-836C-E912252E35FE}.Debug|x64.Build.0 = Debug|x64
		{A3C717A0-5CB7-45A2-836C-E912252E35FE}.Debug|x64.Deploy.0 = Debug|x64
		{A3C717A0-5CB7-45A2-836C-E912252E35FE}.Debug|x86.ActiveCfg = Debug|x86
		{A3C717A0-5CB7-45A2-836C-E912252E35FE}.Debug|x86.Build.0 = Debug|x86
		{A3C717A0-5CB7-45A2-836C-E912252E35FE}.Debug|x86.Deploy.0 = Debug|x86
		{A3C717A0-5CB7-45A2-836C-E912252E35FE}.Release|Any CPU.ActiveCfg = Release|x86
		{A3C717A0-5CB7-45A2-836C-E912252E35FE}.Release|Any CPU.Build.0 = Release|x86
		{A3C717A0-5CB7-45A2-836C-E912252E35FE}.Release|Any CPU.Deploy.0 = Release|x86
		{A3C717A0-5CB7-45A2-836C-E912252E35FE}.Release|ARM.ActiveCfg = Release|ARM
		{A3C717A0-5CB7-45A2-836C-E912252E35FE}.Release|ARM.Build.0 = Release|ARM
		{A3C717A0-5CB7-45A2-836C-E912252E35FE}.Release|ARM.Deploy.0 = Release|ARM
		{A3C717A0-5CB7-45A2-836C-E912252E35FE}.Release|ARM64.ActiveCfg = Release|ARM64
		{A3C717A0-5CB7-45A2-836C-E912252E35FE}.Release|ARM64.Build.0 = Release|ARM64
		{A3C717A0-5CB7-45A2-836C-E912252E35FE}.Release|ARM64.Deploy.0 = Release|ARM64
		{A3C717A0-5CB7-45A2-836C-E912252E35FE}.Release|iPhone.ActiveCfg = Release|x86
		{A3C717A0-5CB7-45A2-836C-E912252E35FE}.Release|iPhoneSimulator.ActiveCfg = Release|x86
		{A3C717A0-5CB7-45A2-836C-E912252E35FE}.Release|x64.ActiveCfg = Release|x64
		{A3C717A0-5CB7-45A2-836C-E912252E35FE}.Release|x64.Build.0 = Release|x64
		{A3C717A0-5CB7-45A2-836C-E912252E35FE}.Release|x64.Deploy.0 = Release|x64
		{A3C717A0-5CB7-45A2-836C-E912252E35FE}.Release|x86.ActiveCfg = Release|x86
		{A3C717A0-5CB7-45A2-836C-E912252E35FE}.Release|x86.Build.0 = Release|x86
		{A3C717A0-5CB7-45A2-836C-E912252E35FE}.Release|x86.Deploy.0 = Release|x86
	EndGlobalSection
	GlobalSection(SolutionProperties) = preSolution
		HideSolutionNode = FALSE
	EndGlobalSection
	GlobalSection(ExtensibilityGlobals) = postSolution
		SolutionGuid = {B83649C5-95C2-4B40-AEF9-547154811587}
	EndGlobalSection
EndGlobal
